// !$*UTF8*$!
{
	archiveVersion = 1;
	classes = {
	};
	objectVersion = 48;
	objects = {

/* Begin PBXBuildFile section */
		09499E271F60F1F70098B089 /* AppDelegate.swift in Sources */ = {isa = PBXBuildFile; fileRef = 09499E261F60F1F70098B089 /* AppDelegate.swift */; };
		09499E291F60F1F70098B089 /* ViewController.swift in Sources */ = {isa = PBXBuildFile; fileRef = 09499E281F60F1F70098B089 /* ViewController.swift */; };
		09499E2C1F60F1F70098B089 /* Main.storyboard in Resources */ = {isa = PBXBuildFile; fileRef = 09499E2A1F60F1F70098B089 /* Main.storyboard */; };
		09499E2E1F60F1F70098B089 /* Assets.xcassets in Resources */ = {isa = PBXBuildFile; fileRef = 09499E2D1F60F1F70098B089 /* Assets.xcassets */; };
		09499E311F60F1F70098B089 /* LaunchScreen.storyboard in Resources */ = {isa = PBXBuildFile; fileRef = 09499E2F1F60F1F70098B089 /* LaunchScreen.storyboard */; };
		09499E3C1F60F1F80098B089 /* iOS_TriviaTests.swift in Sources */ = {isa = PBXBuildFile; fileRef = 09499E3B1F60F1F80098B089 /* iOS_TriviaTests.swift */; };
		09499E471F60F1F80098B089 /* iOS_TriviaUITests.swift in Sources */ = {isa = PBXBuildFile; fileRef = 09499E461F60F1F80098B089 /* iOS_TriviaUITests.swift */; };
/* End PBXBuildFile section */

/* Begin PBXContainerItemProxy section */
		09499E381F60F1F80098B089 /* PBXContainerItemProxy */ = {
			isa = PBXContainerItemProxy;
			containerPortal = 09499E1B1F60F1F70098B089 /* Project object */;
			proxyType = 1;
			remoteGlobalIDString = 09499E221F60F1F70098B089;
			remoteInfo = "iOS Trivia";
		};
		09499E431F60F1F80098B089 /* PBXContainerItemProxy */ = {
			isa = PBXContainerItemProxy;
			containerPortal = 09499E1B1F60F1F70098B089 /* Project object */;
			proxyType = 1;
			remoteGlobalIDString = 09499E221F60F1F70098B089;
			remoteInfo = "iOS Trivia";
		};
/* End PBXContainerItemProxy section */

/* Begin PBXFileReference section */
		09499E231F60F1F70098B089 /* iOS Trivia.app */ = {isa = PBXFileReference; explicitFileType = wrapper.application; includeInIndex = 0; path = "iOS Trivia.app"; sourceTree = BUILT_PRODUCTS_DIR; };
		09499E261F60F1F70098B089 /* AppDelegate.swift */ = {isa = PBXFileReference; lastKnownFileType = sourcecode.swift; path = AppDelegate.swift; sourceTree = "<group>"; };
		09499E281F60F1F70098B089 /* ViewController.swift */ = {isa = PBXFileReference; lastKnownFileType = sourcecode.swift; path = ViewController.swift; sourceTree = "<group>"; };
		09499E2B1F60F1F70098B089 /* Base */ = {isa = PBXFileReference; lastKnownFileType = file.storyboard; name = Base; path = Base.lproj/Main.storyboard; sourceTree = "<group>"; };
		09499E2D1F60F1F70098B089 /* Assets.xcassets */ = {isa = PBXFileReference; lastKnownFileType = folder.assetcatalog; path = Assets.xcassets; sourceTree = "<group>"; };
		09499E301F60F1F70098B089 /* Base */ = {isa = PBXFileReference; lastKnownFileType = file.storyboard; name = Base; path = Base.lproj/LaunchScreen.storyboard; sourceTree = "<group>"; };
		09499E321F60F1F80098B089 /* Info.plist */ = {isa = PBXFileReference; lastKnownFileType = text.plist.xml; path = Info.plist; sourceTree = "<group>"; };
		09499E371F60F1F80098B089 /* iOS TriviaTests.xctest */ = {isa = PBXFileReference; explicitFileType = wrapper.cfbundle; includeInIndex = 0; path = "iOS TriviaTests.xctest"; sourceTree = BUILT_PRODUCTS_DIR; };
		09499E3B1F60F1F80098B089 /* iOS_TriviaTests.swift */ = {isa = PBXFileReference; lastKnownFileType = sourcecode.swift; path = iOS_TriviaTests.swift; sourceTree = "<group>"; };
		09499E3D1F60F1F80098B089 /* Info.plist */ = {isa = PBXFileReference; lastKnownFileType = text.plist.xml; path = Info.plist; sourceTree = "<group>"; };
		09499E421F60F1F80098B089 /* iOS TriviaUITests.xctest */ = {isa = PBXFileReference; explicitFileType = wrapper.cfbundle; includeInIndex = 0; path = "iOS TriviaUITests.xctest"; sourceTree = BUILT_PRODUCTS_DIR; };
		09499E461F60F1F80098B089 /* iOS_TriviaUITests.swift */ = {isa = PBXFileReference; lastKnownFileType = sourcecode.swift; path = iOS_TriviaUITests.swift; sourceTree = "<group>"; };
		09499E481F60F1F80098B089 /* Info.plist */ = {isa = PBXFileReference; lastKnownFileType = text.plist.xml; path = Info.plist; sourceTree = "<group>"; };
/* End PBXFileReference section */

/* Begin PBXFrameworksBuildPhase section */
		09499E201F60F1F70098B089 /* Frameworks */ = {
			isa = PBXFrameworksBuildPhase;
			buildActionMask = 2147483647;
			files = (
			);
			runOnlyForDeploymentPostprocessing = 0;
		};
		09499E341F60F1F80098B089 /* Frameworks */ = {
			isa = PBXFrameworksBuildPhase;
			buildActionMask = 2147483647;
			files = (
			);
			runOnlyForDeploymentPostprocessing = 0;
		};
		09499E3F1F60F1F80098B089 /* Frameworks */ = {
			isa = PBXFrameworksBuildPhase;
			buildActionMask = 2147483647;
			files = (
			);
			runOnlyForDeploymentPostprocessing = 0;
		};
/* End PBXFrameworksBuildPhase section */

/* Begin PBXGroup section */
		09499E1A1F60F1F70098B089 = {
			isa = PBXGroup;
			children = (
				09499E251F60F1F70098B089 /* iOS Trivia */,
				09499E3A1F60F1F80098B089 /* iOS TriviaTests */,
				09499E451F60F1F80098B089 /* iOS TriviaUITests */,
				09499E241F60F1F70098B089 /* Products */,
			);
			sourceTree = "<group>";
		};
		09499E241F60F1F70098B089 /* Products */ = {
			isa = PBXGroup;
			children = (
				09499E231F60F1F70098B089 /* iOS Trivia.app */,
				09499E371F60F1F80098B089 /* iOS TriviaTests.xctest */,
				09499E421F60F1F80098B089 /* iOS TriviaUITests.xctest */,
			);
			name = Products;
			sourceTree = "<group>";
		};
		09499E251F60F1F70098B089 /* iOS Trivia */ = {
			isa = PBXGroup;
			children = (
				09499E261F60F1F70098B089 /* AppDelegate.swift */,
				09499E281F60F1F70098B089 /* ViewController.swift */,
				09499E2A1F60F1F70098B089 /* Main.storyboard */,
				09499E2D1F60F1F70098B089 /* Assets.xcassets */,
				09499E2F1F60F1F70098B089 /* LaunchScreen.storyboard */,
				09499E321F60F1F80098B089 /* Info.plist */,
			);
			path = "iOS Trivia";
			sourceTree = "<group>";
		};
		09499E3A1F60F1F80098B089 /* iOS TriviaTests */ = {
			isa = PBXGroup;
			children = (
				09499E3B1F60F1F80098B089 /* iOS_TriviaTests.swift */,
				09499E3D1F60F1F80098B089 /* Info.plist */,
			);
			path = "iOS TriviaTests";
			sourceTree = "<group>";
		};
		09499E451F60F1F80098B089 /* iOS TriviaUITests */ = {
			isa = PBXGroup;
			children = (
				09499E461F60F1F80098B089 /* iOS_TriviaUITests.swift */,
				09499E481F60F1F80098B089 /* Info.plist */,
			);
			path = "iOS TriviaUITests";
			sourceTree = "<group>";
		};
/* End PBXGroup section */

/* Begin PBXNativeTarget section */
		09499E221F60F1F70098B089 /* iOS Trivia */ = {
			isa = PBXNativeTarget;
			buildConfigurationList = 09499E4B1F60F1F80098B089 /* Build configuration list for PBXNativeTarget "iOS Trivia" */;
			buildPhases = (
				09499E1F1F60F1F70098B089 /* Sources */,
				09499E201F60F1F70098B089 /* Frameworks */,
				09499E211F60F1F70098B089 /* Resources */,
			);
			buildRules = (
			);
			dependencies = (
			);
			name = "iOS Trivia";
			productName = "iOS Trivia";
			productReference = 09499E231F60F1F70098B089 /* iOS Trivia.app */;
			productType = "com.apple.product-type.application";
		};
		09499E361F60F1F80098B089 /* iOS TriviaTests */ = {
			isa = PBXNativeTarget;
			buildConfigurationList = 09499E4E1F60F1F80098B089 /* Build configuration list for PBXNativeTarget "iOS TriviaTests" */;
			buildPhases = (
				09499E331F60F1F80098B089 /* Sources */,
				09499E341F60F1F80098B089 /* Frameworks */,
				09499E351F60F1F80098B089 /* Resources */,
			);
			buildRules = (
			);
			dependencies = (
				09499E391F60F1F80098B089 /* PBXTargetDependency */,
			);
			name = "iOS TriviaTests";
			productName = "iOS TriviaTests";
			productReference = 09499E371F60F1F80098B089 /* iOS TriviaTests.xctest */;
			productType = "com.apple.product-type.bundle.unit-test";
		};
		09499E411F60F1F80098B089 /* iOS TriviaUITests */ = {
			isa = PBXNativeTarget;
			buildConfigurationList = 09499E511F60F1F80098B089 /* Build configuration list for PBXNativeTarget "iOS TriviaUITests" */;
			buildPhases = (
				09499E3E1F60F1F80098B089 /* Sources */,
				09499E3F1F60F1F80098B089 /* Frameworks */,
				09499E401F60F1F80098B089 /* Resources */,
			);
			buildRules = (
			);
			dependencies = (
				09499E441F60F1F80098B089 /* PBXTargetDependency */,
			);
			name = "iOS TriviaUITests";
			productName = "iOS TriviaUITests";
			productReference = 09499E421F60F1F80098B089 /* iOS TriviaUITests.xctest */;
			productType = "com.apple.product-type.bundle.ui-testing";
		};
/* End PBXNativeTarget section */

/* Begin PBXProject section */
		09499E1B1F60F1F70098B089 /* Project object */ = {
			isa = PBXProject;
			attributes = {
				LastSwiftUpdateCheck = 0900;
				LastUpgradeCheck = 0900;
				ORGANIZATIONNAME = "Olivier Butler";
				TargetAttributes = {
					09499E221F60F1F70098B089 = {
						CreatedOnToolsVersion = 9.0;
						ProvisioningStyle = Automatic;
					};
					09499E361F60F1F80098B089 = {
						CreatedOnToolsVersion = 9.0;
						ProvisioningStyle = Automatic;
						TestTargetID = 09499E221F60F1F70098B089;
					};
					09499E411F60F1F80098B089 = {
						CreatedOnToolsVersion = 9.0;
						ProvisioningStyle = Automatic;
						TestTargetID = 09499E221F60F1F70098B089;
					};
				};
			};
			buildConfigurationList = 09499E1E1F60F1F70098B089 /* Build configuration list for PBXProject "iOS Trivia" */;
			compatibilityVersion = "Xcode 8.0";
			developmentRegion = en;
			hasScannedForEncodings = 0;
			knownRegions = (
				en,
				Base,
			);
			mainGroup = 09499E1A1F60F1F70098B089;
			productRefGroup = 09499E241F60F1F70098B089 /* Products */;
			projectDirPath = "";
			projectRoot = "";
			targets = (
				09499E221F60F1F70098B089 /* iOS Trivia */,
				09499E361F60F1F80098B089 /* iOS TriviaTests */,
				09499E411F60F1F80098B089 /* iOS TriviaUITests */,
			);
		};
/* End PBXProject section */

/* Begin PBXResourcesBuildPhase section */
		09499E211F60F1F70098B089 /* Resources */ = {
			isa = PBXResourcesBuildPhase;
			buildActionMask = 2147483647;
			files = (
				09499E311F60F1F70098B089 /* LaunchScreen.storyboard in Resources */,
				09499E2E1F60F1F70098B089 /* Assets.xcassets in Resources */,
				09499E2C1F60F1F70098B089 /* Main.storyboard in Resources */,
			);
			runOnlyForDeploymentPostprocessing = 0;
		};
		09499E351F60F1F80098B089 /* Resources */ = {
			isa = PBXResourcesBuildPhase;
			buildActionMask = 2147483647;
			files = (
			);
			runOnlyForDeploymentPostprocessing = 0;
		};
		09499E401F60F1F80098B089 /* Resources */ = {
			isa = PBXResourcesBuildPhase;
			buildActionMask = 2147483647;
			files = (
			);
			runOnlyForDeploymentPostprocessing = 0;
		};
/* End PBXResourcesBuildPhase section */

/* Begin PBXSourcesBuildPhase section */
		09499E1F1F60F1F70098B089 /* Sources */ = {
			isa = PBXSourcesBuildPhase;
			buildActionMask = 2147483647;
			files = (
				09499E291F60F1F70098B089 /* ViewController.swift in Sources */,
				09499E271F60F1F70098B089 /* AppDelegate.swift in Sources */,
			);
			runOnlyForDeploymentPostprocessing = 0;
		};
		09499E331F60F1F80098B089 /* Sources */ = {
			isa = PBXSourcesBuildPhase;
			buildActionMask = 2147483647;
			files = (
				09499E3C1F60F1F80098B089 /* iOS_TriviaTests.swift in Sources */,
			);
			runOnlyForDeploymentPostprocessing = 0;
		};
		09499E3E1F60F1F80098B089 /* Sources */ = {
			isa = PBXSourcesBuildPhase;
			buildActionMask = 2147483647;
			files = (
				09499E471F60F1F80098B089 /* iOS_TriviaUITests.swift in Sources */,
			);
			runOnlyForDeploymentPostprocessing = 0;
		};
/* End PBXSourcesBuildPhase section */

/* Begin PBXTargetDependency section */
		09499E391F60F1F80098B089 /* PBXTargetDependency */ = {
			isa = PBXTargetDependency;
			target = 09499E221F60F1F70098B089 /* iOS Trivia */;
			targetProxy = 09499E381F60F1F80098B089 /* PBXContainerItemProxy */;
		};
		09499E441F60F1F80098B089 /* PBXTargetDependency */ = {
			isa = PBXTargetDependency;
			target = 09499E221F60F1F70098B089 /* iOS Trivia */;
			targetProxy = 09499E431F60F1F80098B089 /* PBXContainerItemProxy */;
		};
/* End PBXTargetDependency section */

/* Begin PBXVariantGroup section */
		09499E2A1F60F1F70098B089 /* Main.storyboard */ = {
			isa = PBXVariantGroup;
			children = (
				09499E2B1F60F1F70098B089 /* Base */,
			);
			name = Main.storyboard;
			sourceTree = "<group>";
		};
		09499E2F1F60F1F70098B089 /* LaunchScreen.storyboard */ = {
			isa = PBXVariantGroup;
			children = (
				09499E301F60F1F70098B089 /* Base */,
			);
			name = LaunchScreen.storyboard;
			sourceTree = "<group>";
		};
/* End PBXVariantGroup section */

/* Begin XCBuildConfiguration section */
		09499E491F60F1F80098B089 /* Debug */ = {
			isa = XCBuildConfiguration;
			buildSettings = {
				ALWAYS_SEARCH_USER_PATHS = NO;
				CLANG_ANALYZER_NONNULL = YES;
				CLANG_ANALYZER_NUMBER_OBJECT_CONVERSION = YES_AGGRESSIVE;
				CLANG_CXX_LANGUAGE_STANDARD = "gnu++14";
				CLANG_CXX_LIBRARY = "libc++";
				CLANG_ENABLE_MODULES = YES;
				CLANG_ENABLE_OBJC_ARC = YES;
				CLANG_WARN_BLOCK_CAPTURE_AUTORELEASING = YES;
				CLANG_WARN_BOOL_CONVERSION = YES;
				CLANG_WARN_COMMA = YES;
				CLANG_WARN_CONSTANT_CONVERSION = YES;
				CLANG_WARN_DIRECT_OBJC_ISA_USAGE = YES_ERROR;
				CLANG_WARN_DOCUMENTATION_COMMENTS = YES;
				CLANG_WARN_EMPTY_BODY = YES;
				CLANG_WARN_ENUM_CONVERSION = YES;
				CLANG_WARN_INFINITE_RECURSION = YES;
				CLANG_WARN_INT_CONVERSION = YES;
				CLANG_WARN_NON_LITERAL_NULL_CONVERSION = YES;
				CLANG_WARN_OBJC_LITERAL_CONVERSION = YES;
				CLANG_WARN_OBJC_ROOT_CLASS = YES_ERROR;
				CLANG_WARN_RANGE_LOOP_ANALYSIS = YES;
				CLANG_WARN_STRICT_PROTOTYPES = YES;
				CLANG_WARN_SUSPICIOUS_MOVE = YES;
				CLANG_WARN_UNGUARDED_AVAILABILITY = YES_AGGRESSIVE;
				CLANG_WARN_UNREACHABLE_CODE = YES;
				CLANG_WARN__DUPLICATE_METHOD_MATCH = YES;
				CODE_SIGN_IDENTITY = "iPhone Developer";
				COPY_PHASE_STRIP = NO;
				DEBUG_INFORMATION_FORMAT = dwarf;
				ENABLE_STRICT_OBJC_MSGSEND = YES;
				ENABLE_TESTABILITY = YES;
				GCC_C_LANGUAGE_STANDARD = gnu11;
				GCC_DYNAMIC_NO_PIC = NO;
				GCC_NO_COMMON_BLOCKS = YES;
				GCC_OPTIMIZATION_LEVEL = 0;
				GCC_PREPROCESSOR_DEFINITIONS = (
					"DEBUG=1",
					"$(inherited)",
				);
				GCC_WARN_64_TO_32_BIT_CONVERSION = YES;
				GCC_WARN_ABOUT_RETURN_TYPE = YES_ERROR;
				GCC_WARN_UNDECLARED_SELECTOR = YES;
				GCC_WARN_UNINITIALIZED_AUTOS = YES_AGGRESSIVE;
				GCC_WARN_UNUSED_FUNCTION = YES;
				GCC_WARN_UNUSED_VARIABLE = YES;
				IPHONEOS_DEPLOYMENT_TARGET = 11.0;
				MTL_ENABLE_DEBUG_INFO = YES;
				ONLY_ACTIVE_ARCH = YES;
				SDKROOT = iphoneos;
				SWIFT_ACTIVE_COMPILATION_CONDITIONS = DEBUG;
				SWIFT_OPTIMIZATION_LEVEL = "-Onone";
			};
			name = Debug;
		};
		09499E4A1F60F1F80098B089 /* Release */ = {
			isa = XCBuildConfiguration;
			buildSettings = {
				ALWAYS_SEARCH_USER_PATHS = NO;
				CLANG_ANALYZER_NONNULL = YES;
				CLANG_ANALYZER_NUMBER_OBJECT_CONVERSION = YES_AGGRESSIVE;
				CLANG_CXX_LANGUAGE_STANDARD = "gnu++14";
				CLANG_CXX_LIBRARY = "libc++";
				CLANG_ENABLE_MODULES = YES;
				CLANG_ENABLE_OBJC_ARC = YES;
				CLANG_WARN_BLOCK_CAPTURE_AUTORELEASING = YES;
				CLANG_WARN_BOOL_CONVERSION = YES;
				CLANG_WARN_COMMA = YES;
				CLANG_WARN_CONSTANT_CONVERSION = YES;
				CLANG_WARN_DIRECT_OBJC_ISA_USAGE = YES_ERROR;
				CLANG_WARN_DOCUMENTATION_COMMENTS = YES;
				CLANG_WARN_EMPTY_BODY = YES;
				CLANG_WARN_ENUM_CONVERSION = YES;
				CLANG_WARN_INFINITE_RECURSION = YES;
				CLANG_WARN_INT_CONVERSION = YES;
				CLANG_WARN_NON_LITERAL_NULL_CONVERSION = YES;
				CLANG_WARN_OBJC_LITERAL_CONVERSION = YES;
				CLANG_WARN_OBJC_ROOT_CLASS = YES_ERROR;
				CLANG_WARN_RANGE_LOOP_ANALYSIS = YES;
				CLANG_WARN_STRICT_PROTOTYPES = YES;
				CLANG_WARN_SUSPICIOUS_MOVE = YES;
				CLANG_WARN_UNGUARDED_AVAILABILITY = YES_AGGRESSIVE;
				CLANG_WARN_UNREACHABLE_CODE = YES;
				CLANG_WARN__DUPLICATE_METHOD_MATCH = YES;
				CODE_SIGN_IDENTITY = "iPhone Developer";
				COPY_PHASE_STRIP = NO;
				DEBUG_INFORMATION_FORMAT = "dwarf-with-dsym";
				ENABLE_NS_ASSERTIONS = NO;
				ENABLE_STRICT_OBJC_MSGSEND = YES;
				GCC_C_LANGUAGE_STANDARD = gnu11;
				GCC_NO_COMMON_BLOCKS = YES;
				GCC_WARN_64_TO_32_BIT_CONVERSION = YES;
				GCC_WARN_ABOUT_RETURN_TYPE = YES_ERROR;
				GCC_WARN_UNDECLARED_SELECTOR = YES;
				GCC_WARN_UNINITIALIZED_AUTOS = YES_AGGRESSIVE;
				GCC_WARN_UNUSED_FUNCTION = YES;
				GCC_WARN_UNUSED_VARIABLE = YES;
				IPHONEOS_DEPLOYMENT_TARGET = 11.0;
				MTL_ENABLE_DEBUG_INFO = NO;
				SDKROOT = iphoneos;
				SWIFT_OPTIMIZATION_LEVEL = "-Owholemodule";
				VALIDATE_PRODUCT = YES;
			};
			name = Release;
		};
		09499E4C1F60F1F80098B089 /* Debug */ = {
			isa = XCBuildConfiguration;
			buildSettings = {
				ASSETCATALOG_COMPILER_APPICON_NAME = AppIcon;
				CODE_SIGN_STYLE = Automatic;
				DEVELOPMENT_TEAM = CNHB9B5GX6;
				INFOPLIST_FILE = "iOS Trivia/Info.plist";
				IPHONEOS_DEPLOYMENT_TARGET = 10.3;
				LD_RUNPATH_SEARCH_PATHS = "$(inherited) @executable_path/Frameworks";
				PRODUCT_BUNDLE_IDENTIFIER = "oliviertests.iOS-Trivia";
				PRODUCT_NAME = "$(TARGET_NAME)";
				SWIFT_VERSION = 4.0;
				TARGETED_DEVICE_FAMILY = "1,2";
			};
			name = Debug;
		};
		09499E4D1F60F1F80098B089 /* Release */ = {
			isa = XCBuildConfiguration;
			buildSettings = {
				ASSETCATALOG_COMPILER_APPICON_NAME = AppIcon;
				CODE_SIGN_STYLE = Automatic;
				DEVELOPMENT_TEAM = CNHB9B5GX6;
				INFOPLIST_FILE = "iOS Trivia/Info.plist";
				IPHONEOS_DEPLOYMENT_TARGET = 10.3;
				LD_RUNPATH_SEARCH_PATHS = "$(inherited) @executable_path/Frameworks";
				PRODUCT_BUNDLE_IDENTIFIER = "oliviertests.iOS-Trivia";
				PRODUCT_NAME = "$(TARGET_NAME)";
				SWIFT_VERSION = 4.0;
				TARGETED_DEVICE_FAMILY = "1,2";
			};
			name = Release;
		};
		09499E4F1F60F1F80098B089 /* Debug */ = {
			isa = XCBuildConfiguration;
			buildSettings = {
				ALWAYS_EMBED_SWIFT_STANDARD_LIBRARIES = YES;
				BUNDLE_LOADER = "$(TEST_HOST)";
				CODE_SIGN_STYLE = Automatic;
				DEVELOPMENT_TEAM = CNHB9B5GX6;
				INFOPLIST_FILE = "iOS TriviaTests/Info.plist";
				LD_RUNPATH_SEARCH_PATHS = "$(inherited) @executable_path/Frameworks @loader_path/Frameworks";
				PRODUCT_BUNDLE_IDENTIFIER = "oliviertests.iOS-TriviaTests";
				PRODUCT_NAME = "$(TARGET_NAME)";
				SWIFT_VERSION = 4.0;
				TARGETED_DEVICE_FAMILY = "1,2";
				TEST_HOST = "$(BUILT_PRODUCTS_DIR)/iOS Trivia.app/iOS Trivia";
			};
			name = Debug;
		};
		09499E501F60F1F80098B089 /* Release */ = {
			isa = XCBuildConfiguration;
			buildSettings = {
				ALWAYS_EMBED_SWIFT_STANDARD_LIBRARIES = YES;
				BUNDLE_LOADER = "$(TEST_HOST)";
				CODE_SIGN_STYLE = Automatic;
				DEVELOPMENT_TEAM = CNHB9B5GX6;
				INFOPLIST_FILE = "iOS TriviaTests/Info.plist";
				LD_RUNPATH_SEARCH_PATHS = "$(inherited) @executable_path/Frameworks @loader_path/Frameworks";
				PRODUCT_BUNDLE_IDENTIFIER = "oliviertests.iOS-TriviaTests";
				PRODUCT_NAME = "$(TARGET_NAME)";
				SWIFT_VERSION = 4.0;
				TARGETED_DEVICE_FAMILY = "1,2";
				TEST_HOST = "$(BUILT_PRODUCTS_DIR)/iOS Trivia.app/iOS Trivia";
			};
			name = Release;
		};
		09499E521F60F1F80098B089 /* Debug */ = {
			isa = XCBuildConfiguration;
			buildSettings = {
				ALWAYS_EMBED_SWIFT_STANDARD_LIBRARIES = YES;
				CODE_SIGN_STYLE = Automatic;
				DEVELOPMENT_TEAM = CNHB9B5GX6;
				INFOPLIST_FILE = "iOS TriviaUITests/Info.plist";
				LD_RUNPATH_SEARCH_PATHS = "$(inherited) @executable_path/Frameworks @loader_path/Frameworks";
				PRODUCT_BUNDLE_IDENTIFIER = "oliviertests.iOS-TriviaUITests";
				PRODUCT_NAME = "$(TARGET_NAME)";
				SWIFT_VERSION = 4.0;
				TARGETED_DEVICE_FAMILY = "1,2";
				TEST_TARGET_NAME = "iOS Trivia";
			};
			name = Debug;
		};
		09499E531F60F1F80098B089 /* Release */ = {
			isa = XCBuildConfiguration;
			buildSettings = {
				ALWAYS_EMBED_SWIFT_STANDARD_LIBRARIES = YES;
				CODE_SIGN_STYLE = Automatic;
				DEVELOPMENT_TEAM = CNHB9B5GX6;
				INFOPLIST_FILE = "iOS TriviaUITests/Info.plist";
				LD_RUNPATH_SEARCH_PATHS = "$(inherited) @executable_path/Frameworks @loader_path/Frameworks";
				PRODUCT_BUNDLE_IDENTIFIER = "oliviertests.iOS-TriviaUITests";
				PRODUCT_NAME = "$(TARGET_NAME)";
				SWIFT_VERSION = 4.0;
				TARGETED_DEVICE_FAMILY = "1,2";
				TEST_TARGET_NAME = "iOS Trivia";
			};
			name = Release;
		};
/* End XCBuildConfiguration section */

/* Begin XCConfigurationList section */
		09499E1E1F60F1F70098B089 /* Build configuration list for PBXProject "iOS Trivia" */ = {
			isa = XCConfigurationList;
			buildConfigurations = (
				09499E491F60F1F80098B089 /* Debug */,
				09499E4A1F60F1F80098B089 /* Release */,
			);
			defaultConfigurationIsVisible = 0;
			defaultConfigurationName = Release;
		};
		09499E4B1F60F1F80098B089 /* Build configuration list for PBXNativeTarget "iOS Trivia" */ = {
			isa = XCConfigurationList;
			buildConfigurations = (
				09499E4C1F60F1F80098B089 /* Debug */,
				09499E4D1F60F1F80098B089 /* Release */,
			);
			defaultConfigurationIsVisible = 0;
			defaultConfigurationName = Release;
		};
		09499E4E1F60F1F80098B089 /* Build configuration list for PBXNativeTarget "iOS TriviaTests" */ = {
			isa = XCConfigurationList;
			buildConfigurations = (
				09499E4F1F60F1F80098B089 /* Debug */,
				09499E501F60F1F80098B089 /* Release */,
			);
			defaultConfigurationIsVisible = 0;
			defaultConfigurationName = Release;
		};
		09499E511F60F1F80098B089 /* Build configuration list for PBXNativeTarget "iOS TriviaUITests" */ = {
			isa = XCConfigurationList;
			buildConfigurations = (
				09499E521F60F1F80098B089 /* Debug */,
				09499E531F60F1F80098B089 /* Release */,
			);
			defaultConfigurationIsVisible = 0;
			defaultConfigurationName = Release;
		};
/* End XCConfigurationList section */
	};
	rootObject = 09499E1B1F60F1F70098B089 /* Project object */;
}
